<?xml version="1.0" encoding="utf-8"?>
<Project ToolsVersion="4.0" xmlns="http://schemas.microsoft.com/developer/msbuild/2003">
  <ItemGroup>
    <Filter Include="inc">
      <UniqueIdentifier>{93995380-89BD-4b04-88EB-625FBE52EBFB}</UniqueIdentifier>
      <Extensions>h;hh;hpp;hxx;hm;inl;inc;xsd</Extensions>
    </Filter>
    <Filter Include="src">
      <UniqueIdentifier>{4FC737F1-C7A5-4376-A066-2A32D752A2FF}</UniqueIdentifier>
      <Extensions>cpp;c;cc;cxx;def;odl;idl;hpj;bat;asm;asmx</Extensions>
    </Filter>
    <Filter Include="pch">
      <UniqueIdentifier>{5efc20aa-ce55-4262-8cd1-01a3c7634a04}</UniqueIdentifier>
    </Filter>
    <Filter Include="src\win32">
      <UniqueIdentifier>{3ed85860-11f5-4b1b-8794-9ff65bf0d2fa}</UniqueIdentifier>
    </Filter>
  </ItemGroup>
  <ItemGroup>
    <ClInclude Include="..\inc\argparser.hpp">
      <Filter>inc</Filter>
    </ClInclude>
    <ClInclude Include="..\inc\filesystem.hpp">
      <Filter>inc</Filter>
    </ClInclude>
    <ClInclude Include="..\inc\gettext.hpp">
      <Filter>inc</Filter>
    </ClInclude>
    <ClInclude Include="..\inc\languages.hpp">
      <Filter>inc</Filter>
    </ClInclude>
    <ClInclude Include="..\inc\streams.hpp">
      <Filter>inc</Filter>
    </ClInclude>
    <ClInclude Include="..\inc\strings.hpp">
      <Filter>inc</Filter>
    </ClInclude>
    <ClInclude Include="..\inc\utf8.hpp">
      <Filter>inc</Filter>
    </ClInclude>
    <ClInclude Include="..\pch\pch.h">
      <Filter>pch</Filter>
    </ClInclude>
  </ItemGroup>
  <ItemGroup>
    <ClCompile Include="..\pch\pch.cpp">
      <Filter>pch</Filter>
    </ClCompile>
    <ClCompile Include="..\src\win32\win32_filesystem.cpp">
      <Filter>src\win32</Filter>
    </ClCompile>
    <ClCompile Include="..\src\argparser.cpp">
      <Filter>src</Filter>
    </ClCompile>
    <ClCompile Include="..\src\filesystem.cpp">
      <Filter>src</Filter>
    </ClCompile>
    <ClCompile Include="..\src\gettext.cpp">
      <Filter>src</Filter>
    </ClCompile>
    <ClCompile Include="..\src\languages.cpp">
      <Filter>src</Filter>
    </ClCompile>
    <ClCompile Include="..\src\streams.cpp">
      <Filter>src</Filter>
    </ClCompile>
    <ClCompile Include="..\src\strings.cpp">
      <Filter>src</Filter>
    </ClCompile>
    <ClCompile Include="..\src\utf8.cpp">
      <Filter>src</Filter>
    </ClCompile>
  </ItemGroup>
</Project>