<?xml version="1.0" encoding="utf-8"?>
<Project ToolsVersion="4.0" xmlns="http://schemas.microsoft.com/developer/msbuild/2003">
  <ItemGroup>
    <Filter Include="inc">
      <UniqueIdentifier>{93995380-89BD-4b04-88EB-625FBE52EBFB}</UniqueIdentifier>
      <Extensions>h;hh;hpp;hxx;hm;inl;inc;xsd</Extensions>
    </Filter>
    <Filter Include="src">
      <UniqueIdentifier>{4FC737F1-C7A5-4376-A066-2A32D752A2FF}</UniqueIdentifier>
      <Extensions>cpp;c;cc;cxx;def;odl;idl;hpj;bat;asm;asmx</Extensions>
    </Filter>
    <Filter Include="pch">
      <UniqueIdentifier>{5efc20aa-ce55-4262-8cd1-01a3c7634a04}</UniqueIdentifier>
    </Filter>
  </ItemGroup>
  <ItemGroup>
    <ClCompile Include="..\pch\pch.cpp">
      <Filter>pch</Filter>
    </ClCompile>
    <ClCompile Include="..\src\lngs.cpp">
      <Filter>src</Filter>
    </ClCompile>
    <ClCompile Include="..\src\lngs_enums.cpp">
      <Filter>src</Filter>
    </ClCompile>
    <ClCompile Include="..\src\lngs_freeze.cpp">
      <Filter>src</Filter>
    </ClCompile>
    <ClCompile Include="..\src\lngs_make.cpp">
      <Filter>src</Filter>
    </ClCompile>
    <ClCompile Include="..\src\lngs_pot.cpp">
      <Filter>src</Filter>
    </ClCompile>
    <ClCompile Include="..\src\lngs_res.cpp">
      <Filter>src</Filter>
    </ClCompile>
    <ClCompile Include="..\src\lang_codes.cpp">
      <Filter>src</Filter>
    </ClCompile>
  </ItemGroup>
  <ItemGroup>
    <ClInclude Include="..\pch\pch.h">
      <Filter>pch</Filter>
    </ClInclude>
  </ItemGroup>
  <ItemGroup>
    <None Include="..\src\lang_codes.inl">
      <Filter>src</Filter>
    </None>
  </ItemGroup>
</Project>