<?xml version="1.0" encoding="utf-8"?>
<Project ToolsVersion="4.0" xmlns="http://schemas.microsoft.com/developer/msbuild/2003">
  <ItemGroup>
    <Filter Include="src">
      <UniqueIdentifier>{30718284-ecbf-4d4c-878f-2bf6b735583d}</UniqueIdentifier>
      <Extensions>cpp;c;cc;cxx;def;odl;idl;hpj;bat;asm;asmx</Extensions>
    </Filter>
    <Filter Include="include">
      <UniqueIdentifier>{887b6d3b-8510-4552-8a08-0092950e2e74}</UniqueIdentifier>
      <Extensions>h;hh;hpp;hxx;hm;inl;inc;xsd</Extensions>
    </Filter>
  </ItemGroup>
  <ItemGroup>
    <ClCompile Include="..\..\lib\src\expr_parser.cpp">
      <Filter>src</Filter>
    </ClCompile>
    <ClCompile Include="..\..\lib\src\plurals.cpp">
      <Filter>src</Filter>
    </ClCompile>
    <ClCompile Include="..\..\lib\src\format.cpp">
      <Filter>src</Filter>
    </ClCompile>
    <ClCompile Include="..\..\lib\src\lang_file.cpp">
      <Filter>src</Filter>
    </ClCompile>
    <ClCompile Include="..\..\lib\src\translation.cpp">
      <Filter>src</Filter>
    </ClCompile>
    <ClCompile Include="..\..\lib\src\locale_storage.cpp">
      <Filter>src</Filter>
    </ClCompile>
  </ItemGroup>
  <ItemGroup>
    <ClInclude Include="..\..\lib\src\expr_parser.hpp">
      <Filter>src</Filter>
    </ClInclude>
    <ClInclude Include="..\..\lib\src\node.hpp">
      <Filter>src</Filter>
    </ClInclude>
    <ClInclude Include="..\..\lib\src\str.hpp">
      <Filter>src</Filter>
    </ClInclude>
    <ClInclude Include="..\..\lib\include\format.hpp">
      <Filter>include</Filter>
    </ClInclude>
    <ClInclude Include="..\..\lib\include\locale_base.hpp">
      <Filter>include</Filter>
    </ClInclude>
    <ClInclude Include="..\..\lib\include\locale_file.hpp">
      <Filter>include</Filter>
    </ClInclude>
    <ClInclude Include="..\..\lib\include\translation.hpp">
      <Filter>include</Filter>
    </ClInclude>
    <ClInclude Include="..\..\lib\include\locale.hpp">
      <Filter>include</Filter>
    </ClInclude>
    <ClInclude Include="..\..\lib\include\locale_storage.hpp">
      <Filter>include</Filter>
    </ClInclude>
  </ItemGroup>
</Project>